
Microsoft Visual Studio Solution File, Format Version 12.00
# Visual Studio Version 17
VisualStudioVersion = 17.4.33213.308
MinimumVisualStudioVersion = 10.0.40219.1
Project("{FAE04EC0-301F-11D3-BF4B-00C04F79EFBC}") = "MODUL4_1302213011", "MODUL4_1302213011\MODUL4_1302213011.csproj", "{3177B7F6-4CB6-461B-8DBE-18404DBE5ED9}"
EndProject
Global
	GlobalSection(SolutionConfigurationPlatforms) = preSolution
		Debug|Any CPU = Debug|Any CPU
		Release|Any CPU = Release|Any CPU
	EndGlobalSection
	GlobalSection(ProjectConfigurationPlatforms) = postSolution
		{3177B7F6-4CB6-461B-8DBE-18404DBE5ED9}.Debug|Any CPU.ActiveCfg = Debug|Any CPU
		{3177B7F6-4CB6-461B-8DBE-18404DBE5ED9}.Debug|Any CPU.Build.0 = Debug|Any CPU
		{3177B7F6-4CB6-461B-8DBE-18404DBE5ED9}.Release|Any CPU.ActiveCfg = Release|Any CPU
		{3177B7F6-4CB6-461B-8DBE-18404DBE5ED9}.Release|Any CPU.Build.0 = Release|Any CPU
	EndGlobalSection
	GlobalSection(SolutionProperties) = preSolution
		HideSolutionNode = FALSE
	EndGlobalSection
	GlobalSection(ExtensibilityGlobals) = postSolution
		SolutionGuid = {C3D98A58-C640-45B5-BF8C-C226C27C31C0}
	EndGlobalSection
EndGlobal
